%{
  "circuits_i2c": {:hex, :circuits_i2c, "0.3.6", "348b8de3cf1ade6c4b92ad7c9de7068df1af0d441df341d7d126d53671924f64", [:make, :mix], [{:elixir_make, "~> 0.6", [hex: :elixir_make, repo: "hexpm", optional: false]}], "hexpm", "da5b2814e429021f22252867a3fa48d77d7fcabeb3ff8a6c40d549227749b6a7"},
  "elixir_make": {:hex, :elixir_make, "0.6.0", "38349f3e29aff4864352084fc736fa7fa0f2995a819a737554f7ebd28b85aaab", [:mix], [], "hexpm", "d522695b93b7f0b4c0fcb2dfe73a6b905b1c301226a5a55cb42e5b14d509e050"},
  "muontrap": {:hex, :muontrap, "0.5.1", "98fe96d0e616ee518860803a37a29eb23ffc2ca900047cb1bb7fd37521010093", [:make, :mix], [{:elixir_make, "~> 0.6", [hex: :elixir_make, repo: "hexpm", optional: false]}], "hexpm", "3c11b7f151b202148912c73cbdd633b76fa68fabc26cc441c9d6d140e22290dc"},
  "nerves_time": {:hex, :nerves_time, "0.4.0", "8c2a6be23df71fe331407d1ab0c61334d8159c4acd55f777a0c835a6b6f81483", [:make, :mix], [{:elixir_make, "~> 0.6", [hex: :elixir_make, repo: "hexpm", optional: false]}, {:muontrap, "~> 0.5", [hex: :muontrap, repo: "hexpm", optional: false]}], "hexpm", "51dd7a34fa346647214f94b201cf524b182c62c4f9f44656bc1910823028dd59"}
}
