%{
  "circuits_i2c": {:hex, :circuits_i2c, "1.2.2", "1666bf1763fe60ab835462d13f04ca75b0de000a7d5b89e24d8f35a06ef6d097", [:make, :mix], [{:elixir_make, "~> 0.6", [hex: :elixir_make, repo: "hexpm", optional: false]}], "hexpm", "a7fffcb1bf128e4112b0734796f26b0b4f2359e4c60e86d9718c31834e10a343"},
  "elixir_make": {:hex, :elixir_make, "0.7.6", "67716309dc5d43e16b5abbd00c01b8df6a0c2ab54a8f595468035a50189f9169", [:mix], [{:castore, "~> 0.1 or ~> 1.0", [hex: :castore, repo: "hexpm", optional: true]}], "hexpm", "5a0569756b0f7873a77687800c164cca6dfc03a09418e6fcf853d78991f49940"},
  "muontrap": {:hex, :muontrap, "0.5.1", "98fe96d0e616ee518860803a37a29eb23ffc2ca900047cb1bb7fd37521010093", [:make, :mix], [{:elixir_make, "~> 0.6", [hex: :elixir_make, repo: "hexpm", optional: false]}], "hexpm", "3c11b7f151b202148912c73cbdd633b76fa68fabc26cc441c9d6d140e22290dc"},
  "nerves_time": {:hex, :nerves_time, "0.4.0", "8c2a6be23df71fe331407d1ab0c61334d8159c4acd55f777a0c835a6b6f81483", [:make, :mix], [{:elixir_make, "~> 0.6", [hex: :elixir_make, repo: "hexpm", optional: false]}, {:muontrap, "~> 0.5", [hex: :muontrap, repo: "hexpm", optional: false]}], "hexpm", "51dd7a34fa346647214f94b201cf524b182c62c4f9f44656bc1910823028dd59"},
}
